
Microsoft Visual Studio Solution File, Format Version 12.00
# Visual Studio 2013
VisualStudioVersion = 12.0.21005.1
MinimumVisualStudioVersion = 10.0.40219.1
Project("{2150E333-8FDC-42A3-9474-1A3956D46DE8}") = "01_Clients", "01_Clients", "{39B7B4DE-9843-4C43-B470-09FD9EA69D59}"
EndProject
Project("{2150E333-8FDC-42A3-9474-1A3956D46DE8}") = "02_Services", "02_Services", "{F35593A6-2A56-49D2-94A5-6270FD356282}"
EndProject
Project("{FAE04EC0-301F-11D3-BF4B-00C04F79EFBC}") = "JJY.WCF.Service", "JJY.WCF.Service\JJY.WCF.Service.csproj", "{3904F336-FB26-41BE-BBC7-8F25A2DFF3AA}"
EndProject
Project("{FAE04EC0-301F-11D3-BF4B-00C04F79EFBC}") = "JJY.WCF.Interface", "JJY.WCF.Interface\JJY.WCF.Interface.csproj", "{3A7F5AE1-9DFF-4B6D-A43F-B87AF06CA50A}"
EndProject
Project("{FAE04EC0-301F-11D3-BF4B-00C04F79EFBC}") = "JJY.WCF.Entity", "JJY.WCF.Entity\JJY.WCF.Entity.csproj", "{1F4292E9-16BE-4F58-91AE-0BF52BAB26BF}"
EndProject
Project("{FAE04EC0-301F-11D3-BF4B-00C04F79EFBC}") = "JJY.WebClient", "JJY.WebClient\JJY.WebClient.csproj", "{F92AAF52-5FD4-4DCB-A5BB-12E1FC6BB58D}"
EndProject
Project("{2150E333-8FDC-42A3-9474-1A3956D46DE8}") = "99_UnitTest", "99_UnitTest", "{09E8EC54-F710-48B4-A2E9-FCB66DEA0270}"
EndProject
Project("{2150E333-8FDC-42A3-9474-1A3956D46DE8}") = "03_Domain", "03_Domain", "{BC702AB0-EFF2-4BFD-AE5C-016EE27A5478}"
EndProject
Project("{2150E333-8FDC-42A3-9474-1A3956D46DE8}") = "04_Infrastrucure", "04_Infrastrucure", "{E7874CB3-DECB-4564-AB32-F730AC713E8C}"
EndProject
Project("{FAE04EC0-301F-11D3-BF4B-00C04F79EFBC}") = "JJY.ProxyFactory", "JJY.ProxyFactory\JJY.ProxyFactory.csproj", "{35423E4C-7A2B-40E7-A66A-B97BB539F403}"
EndProject
Global
	GlobalSection(SolutionConfigurationPlatforms) = preSolution
		Debug|Any CPU = Debug|Any CPU
		Release|Any CPU = Release|Any CPU
	EndGlobalSection
	GlobalSection(ProjectConfigurationPlatforms) = postSolution
		{3904F336-FB26-41BE-BBC7-8F25A2DFF3AA}.Debug|Any CPU.ActiveCfg = Debug|Any CPU
		{3904F336-FB26-41BE-BBC7-8F25A2DFF3AA}.Debug|Any CPU.Build.0 = Debug|Any CPU
		{3904F336-FB26-41BE-BBC7-8F25A2DFF3AA}.Release|Any CPU.ActiveCfg = Release|Any CPU
		{3904F336-FB26-41BE-BBC7-8F25A2DFF3AA}.Release|Any CPU.Build.0 = Release|Any CPU
		{3A7F5AE1-9DFF-4B6D-A43F-B87AF06CA50A}.Debug|Any CPU.ActiveCfg = Debug|Any CPU
		{3A7F5AE1-9DFF-4B6D-A43F-B87AF06CA50A}.Debug|Any CPU.Build.0 = Debug|Any CPU
		{3A7F5AE1-9DFF-4B6D-A43F-B87AF06CA50A}.Release|Any CPU.ActiveCfg = Release|Any CPU
		{3A7F5AE1-9DFF-4B6D-A43F-B87AF06CA50A}.Release|Any CPU.Build.0 = Release|Any CPU
		{1F4292E9-16BE-4F58-91AE-0BF52BAB26BF}.Debug|Any CPU.ActiveCfg = Debug|Any CPU
		{1F4292E9-16BE-4F58-91AE-0BF52BAB26BF}.Debug|Any CPU.Build.0 = Debug|Any CPU
		{1F4292E9-16BE-4F58-91AE-0BF52BAB26BF}.Release|Any CPU.ActiveCfg = Release|Any CPU
		{1F4292E9-16BE-4F58-91AE-0BF52BAB26BF}.Release|Any CPU.Build.0 = Release|Any CPU
		{F92AAF52-5FD4-4DCB-A5BB-12E1FC6BB58D}.Debug|Any CPU.ActiveCfg = Debug|Any CPU
		{F92AAF52-5FD4-4DCB-A5BB-12E1FC6BB58D}.Debug|Any CPU.Build.0 = Debug|Any CPU
		{F92AAF52-5FD4-4DCB-A5BB-12E1FC6BB58D}.Release|Any CPU.ActiveCfg = Release|Any CPU
		{F92AAF52-5FD4-4DCB-A5BB-12E1FC6BB58D}.Release|Any CPU.Build.0 = Release|Any CPU
		{35423E4C-7A2B-40E7-A66A-B97BB539F403}.Debug|Any CPU.ActiveCfg = Debug|Any CPU
		{35423E4C-7A2B-40E7-A66A-B97BB539F403}.Debug|Any CPU.Build.0 = Debug|Any CPU
		{35423E4C-7A2B-40E7-A66A-B97BB539F403}.Release|Any CPU.ActiveCfg = Release|Any CPU
		{35423E4C-7A2B-40E7-A66A-B97BB539F403}.Release|Any CPU.Build.0 = Release|Any CPU
	EndGlobalSection
	GlobalSection(SolutionProperties) = preSolution
		HideSolutionNode = FALSE
	EndGlobalSection
	GlobalSection(NestedProjects) = preSolution
		{F92AAF52-5FD4-4DCB-A5BB-12E1FC6BB58D} = {39B7B4DE-9843-4C43-B470-09FD9EA69D59}
		{3904F336-FB26-41BE-BBC7-8F25A2DFF3AA} = {F35593A6-2A56-49D2-94A5-6270FD356282}
		{3A7F5AE1-9DFF-4B6D-A43F-B87AF06CA50A} = {F35593A6-2A56-49D2-94A5-6270FD356282}
		{1F4292E9-16BE-4F58-91AE-0BF52BAB26BF} = {F35593A6-2A56-49D2-94A5-6270FD356282}
		{35423E4C-7A2B-40E7-A66A-B97BB539F403} = {E7874CB3-DECB-4564-AB32-F730AC713E8C}
	EndGlobalSection
EndGlobal
